
Microsoft Visual Studio Solution File, Format Version 12.00
# Visual Studio 2012
Project("{D954291E-2A0B-460D-934E-DC6B0785DB48}") = "TestReorderCells", "TestReorderCells.shproj", "{D1F942E2-B614-43AC-8690-659769FB2FD8}"
EndProject
Project("{FAE04EC0-301F-11D3-BF4B-00C04F79EFBC}") = "TestReorderCells.Droid", "Droid\TestReorderCells.Droid.csproj", "{628B8B4C-8F03-4913-82ED-83BC45F1C130}"
EndProject
Global
	GlobalSection(SolutionConfigurationPlatforms) = preSolution
		Debug|Any CPU = Debug|Any CPU
		Release|Any CPU = Release|Any CPU
	EndGlobalSection
	GlobalSection(ProjectConfigurationPlatforms) = postSolution
		{628B8B4C-8F03-4913-82ED-83BC45F1C130}.Debug|Any CPU.ActiveCfg = Debug|Any CPU
		{628B8B4C-8F03-4913-82ED-83BC45F1C130}.Debug|Any CPU.Build.0 = Debug|Any CPU
		{628B8B4C-8F03-4913-82ED-83BC45F1C130}.Release|Any CPU.ActiveCfg = Release|Any CPU
		{628B8B4C-8F03-4913-82ED-83BC45F1C130}.Release|Any CPU.Build.0 = Release|Any CPU
	EndGlobalSection
EndGlobal
